
Microsoft Visual Studio Solution File, Format Version 12.00
# Visual Studio Version 17
VisualStudioVersion = 17.7.34221.43
MinimumVisualStudioVersion = 10.0.40219.1
Project("{FAE04EC0-301F-11D3-BF4B-00C04F79EFBC}") = "Assignment13", "Assignment13\Assignment13.csproj", "{FFE3FC7E-DF8A-463C-B6C0-3E755A21792B}"
EndProject
Global
	GlobalSection(SolutionConfigurationPlatforms) = preSolution
		Debug|Any CPU = Debug|Any CPU
		Release|Any CPU = Release|Any CPU
	EndGlobalSection
	GlobalSection(ProjectConfigurationPlatforms) = postSolution
		{FFE3FC7E-DF8A-463C-B6C0-3E755A21792B}.Debug|Any CPU.ActiveCfg = Debug|Any CPU
		{FFE3FC7E-DF8A-463C-B6C0-3E755A21792B}.Debug|Any CPU.Build.0 = Debug|Any CPU
		{FFE3FC7E-DF8A-463C-B6C0-3E755A21792B}.Release|Any CPU.ActiveCfg = Release|Any CPU
		{FFE3FC7E-DF8A-463C-B6C0-3E755A21792B}.Release|Any CPU.Build.0 = Release|Any CPU
	EndGlobalSection
	GlobalSection(SolutionProperties) = preSolution
		HideSolutionNode = FALSE
	EndGlobalSection
	GlobalSection(ExtensibilityGlobals) = postSolution
		SolutionGuid = {0AB7B484-860A-4067-9312-DB59CA85638E}
	EndGlobalSection
EndGlobal
